
Microsoft Visual Studio Solution File, Format Version 12.00
# Visual Studio 15
VisualStudioVersion = 15.0.26430.4
MinimumVisualStudioVersion = 10.0.40219.1
Project("{2150E333-8FDC-42A3-9474-1A3956D46DE8}") = "Tools", "Tools", "{CBB72778-DB6F-451E-96AE-AF4C0D17237F}"
EndProject
Project("{FAE04EC0-301F-11D3-BF4B-00C04F79EFBC}") = "NurDoc.PatPage", "NurDoc.PatPage\NurDoc.PatPage.csproj", "{FCA3DBA6-BE5E-4023-9192-DBA9F24184D2}"
EndProject
Project("{FAE04EC0-301F-11D3-BF4B-00C04F79EFBC}") = "NurDoc.Utilities", "NurDoc.Utilities\NurDoc.Utilities.csproj", "{FD8F827E-7CF0-4B61-9313-557D2563044D}"
EndProject
Project("{FAE04EC0-301F-11D3-BF4B-00C04F79EFBC}") = "NurDoc.Frame", "NurDoc.Frame\NurDoc.Frame.csproj", "{9B9D0526-2F45-4A0C-A18D-19932BD4176B}"
EndProject
Project("{FAE04EC0-301F-11D3-BF4B-00C04F79EFBC}") = "NurDoc.Startup", "NurDoc.Startup\NurDoc.Startup.csproj", "{E7A298EF-7C15-4ADD-ADFA-7BA4DB69DD03}"
EndProject
Project("{FAE04EC0-301F-11D3-BF4B-00C04F79EFBC}") = "NurDoc.Config", "NurDoc.Config\NurDoc.Config.csproj", "{AFC40B8A-70CD-4A9C-B7D4-851025D84761}"
EndProject
Project("{FAE04EC0-301F-11D3-BF4B-00C04F79EFBC}") = "NurDoc.DAL", "NurDoc.DAL\NurDoc.DAL.csproj", "{B84CC211-4F0B-4DBC-9AC9-991E55933745}"
EndProject
Project("{FAE04EC0-301F-11D3-BF4B-00C04F79EFBC}") = "NurDoc.Data", "NurDoc.Data\NurDoc.Data.csproj", "{FD6FC5FE-6A7C-4C44-97DD-6C40A321F2D7}"
EndProject
Project("{FAE04EC0-301F-11D3-BF4B-00C04F79EFBC}") = "NurDoc.DbConfig", "NurDoc.DbConfig\NurDoc.DbConfig.csproj", "{C3E86636-2F38-4FC3-8C9F-275C50929B0F}"
EndProject
Project("{FAE04EC0-301F-11D3-BF4B-00C04F79EFBC}") = "NurDoc.HealthTech", "NurDoc.HealthTech\NurDoc.HealthTech.csproj", "{7385E1EA-1F8C-44A2-939F-5C7B647F01FE}"
EndProject
Project("{FAE04EC0-301F-11D3-BF4B-00C04F79EFBC}") = "NurDoc.InfoLib", "NurDoc.InfoLib\NurDoc.InfoLib.csproj", "{9B3F2261-0780-4EA8-B6AE-9F485A23CAA2}"
EndProject
Project("{FAE04EC0-301F-11D3-BF4B-00C04F79EFBC}") = "NurDoc.Tester", "NurDoc.Tester\NurDoc.Tester.csproj", "{90AAABED-AF91-4F7D-BEBD-09F201BDA18D}"
EndProject
Project("{FAE04EC0-301F-11D3-BF4B-00C04F79EFBC}") = "NurDoc.Upgrade", "NurDoc.Upgrade\NurDoc.Upgrade.csproj", "{BA9EC6E0-69B7-4B9C-9B13-6484792836CB}"
EndProject
Project("{FAE04EC0-301F-11D3-BF4B-00C04F79EFBC}") = "NurdocControl", "NurdocControl\NurdocControl.csproj", "{33620F73-748F-4105-B5EA-DCB7EC38E454}"
EndProject
Project("{FAE04EC0-301F-11D3-BF4B-00C04F79EFBC}") = "Heren.Common.RestSharp", "Heren.Common.RestSharp\Heren.Common.RestSharp.csproj", "{2ECECFBF-5F3E-40EE-A963-72336DC7ABE2}"
EndProject
Global
	GlobalSection(SolutionConfigurationPlatforms) = preSolution
		Debug|Any CPU = Debug|Any CPU
		Debug|x64 = Debug|x64
		Debug|x86 = Debug|x86
		Release|Any CPU = Release|Any CPU
		Release|x64 = Release|x64
		Release|x86 = Release|x86
	EndGlobalSection
	GlobalSection(ProjectConfigurationPlatforms) = postSolution
		{FCA3DBA6-BE5E-4023-9192-DBA9F24184D2}.Debug|Any CPU.ActiveCfg = Debug|x86
		{FCA3DBA6-BE5E-4023-9192-DBA9F24184D2}.Debug|Any CPU.Build.0 = Debug|x86
		{FCA3DBA6-BE5E-4023-9192-DBA9F24184D2}.Debug|x64.ActiveCfg = Debug|x86
		{FCA3DBA6-BE5E-4023-9192-DBA9F24184D2}.Debug|x86.ActiveCfg = Debug|x86
		{FCA3DBA6-BE5E-4023-9192-DBA9F24184D2}.Debug|x86.Build.0 = Debug|x86
		{FCA3DBA6-BE5E-4023-9192-DBA9F24184D2}.Release|Any CPU.ActiveCfg = Release|Any CPU
		{FCA3DBA6-BE5E-4023-9192-DBA9F24184D2}.Release|Any CPU.Build.0 = Release|Any CPU
		{FCA3DBA6-BE5E-4023-9192-DBA9F24184D2}.Release|x64.ActiveCfg = Release|x86
		{FCA3DBA6-BE5E-4023-9192-DBA9F24184D2}.Release|x86.ActiveCfg = Release|x86
		{FCA3DBA6-BE5E-4023-9192-DBA9F24184D2}.Release|x86.Build.0 = Release|x86
		{FD8F827E-7CF0-4B61-9313-557D2563044D}.Debug|Any CPU.ActiveCfg = Debug|x86
		{FD8F827E-7CF0-4B61-9313-557D2563044D}.Debug|Any CPU.Build.0 = Debug|x86
		{FD8F827E-7CF0-4B61-9313-557D2563044D}.Debug|x64.ActiveCfg = Debug|x86
		{FD8F827E-7CF0-4B61-9313-557D2563044D}.Debug|x86.ActiveCfg = Debug|x86
		{FD8F827E-7CF0-4B61-9313-557D2563044D}.Debug|x86.Build.0 = Debug|x86
		{FD8F827E-7CF0-4B61-9313-557D2563044D}.Release|Any CPU.ActiveCfg = Release|Any CPU
		{FD8F827E-7CF0-4B61-9313-557D2563044D}.Release|Any CPU.Build.0 = Release|Any CPU
		{FD8F827E-7CF0-4B61-9313-557D2563044D}.Release|x64.ActiveCfg = Release|x86
		{FD8F827E-7CF0-4B61-9313-557D2563044D}.Release|x86.ActiveCfg = Release|x86
		{FD8F827E-7CF0-4B61-9313-557D2563044D}.Release|x86.Build.0 = Release|x86
		{9B9D0526-2F45-4A0C-A18D-19932BD4176B}.Debug|Any CPU.ActiveCfg = Debug|x86
		{9B9D0526-2F45-4A0C-A18D-19932BD4176B}.Debug|Any CPU.Build.0 = Debug|x86
		{9B9D0526-2F45-4A0C-A18D-19932BD4176B}.Debug|x64.ActiveCfg = Debug|x86
		{9B9D0526-2F45-4A0C-A18D-19932BD4176B}.Debug|x86.ActiveCfg = Debug|x86
		{9B9D0526-2F45-4A0C-A18D-19932BD4176B}.Debug|x86.Build.0 = Debug|x86
		{9B9D0526-2F45-4A0C-A18D-19932BD4176B}.Release|Any CPU.ActiveCfg = Release|Any CPU
		{9B9D0526-2F45-4A0C-A18D-19932BD4176B}.Release|Any CPU.Build.0 = Release|Any CPU
		{9B9D0526-2F45-4A0C-A18D-19932BD4176B}.Release|x64.ActiveCfg = Release|x86
		{9B9D0526-2F45-4A0C-A18D-19932BD4176B}.Release|x86.ActiveCfg = Release|x86
		{9B9D0526-2F45-4A0C-A18D-19932BD4176B}.Release|x86.Build.0 = Release|x86
		{E7A298EF-7C15-4ADD-ADFA-7BA4DB69DD03}.Debug|Any CPU.ActiveCfg = Debug|x86
		{E7A298EF-7C15-4ADD-ADFA-7BA4DB69DD03}.Debug|Any CPU.Build.0 = Debug|x86
		{E7A298EF-7C15-4ADD-ADFA-7BA4DB69DD03}.Debug|x64.ActiveCfg = Debug|x86
		{E7A298EF-7C15-4ADD-ADFA-7BA4DB69DD03}.Debug|x86.ActiveCfg = Debug|x86
		{E7A298EF-7C15-4ADD-ADFA-7BA4DB69DD03}.Debug|x86.Build.0 = Debug|x86
		{E7A298EF-7C15-4ADD-ADFA-7BA4DB69DD03}.Release|Any CPU.ActiveCfg = Release|Any CPU
		{E7A298EF-7C15-4ADD-ADFA-7BA4DB69DD03}.Release|Any CPU.Build.0 = Release|Any CPU
		{E7A298EF-7C15-4ADD-ADFA-7BA4DB69DD03}.Release|x64.ActiveCfg = Release|x86
		{E7A298EF-7C15-4ADD-ADFA-7BA4DB69DD03}.Release|x86.ActiveCfg = Release|x86
		{E7A298EF-7C15-4ADD-ADFA-7BA4DB69DD03}.Release|x86.Build.0 = Release|x86
		{AFC40B8A-70CD-4A9C-B7D4-851025D84761}.Debug|Any CPU.ActiveCfg = Debug|x86
		{AFC40B8A-70CD-4A9C-B7D4-851025D84761}.Debug|Any CPU.Build.0 = Debug|x86
		{AFC40B8A-70CD-4A9C-B7D4-851025D84761}.Debug|x64.ActiveCfg = Debug|x86
		{AFC40B8A-70CD-4A9C-B7D4-851025D84761}.Debug|x86.ActiveCfg = Debug|x86
		{AFC40B8A-70CD-4A9C-B7D4-851025D84761}.Debug|x86.Build.0 = Debug|x86
		{AFC40B8A-70CD-4A9C-B7D4-851025D84761}.Release|Any CPU.ActiveCfg = Release|Any CPU
		{AFC40B8A-70CD-4A9C-B7D4-851025D84761}.Release|Any CPU.Build.0 = Release|Any CPU
		{AFC40B8A-70CD-4A9C-B7D4-851025D84761}.Release|x64.ActiveCfg = Release|x86
		{AFC40B8A-70CD-4A9C-B7D4-851025D84761}.Release|x86.ActiveCfg = Release|x86
		{AFC40B8A-70CD-4A9C-B7D4-851025D84761}.Release|x86.Build.0 = Release|x86
		{B84CC211-4F0B-4DBC-9AC9-991E55933745}.Debug|Any CPU.ActiveCfg = Debug|x86
		{B84CC211-4F0B-4DBC-9AC9-991E55933745}.Debug|Any CPU.Build.0 = Debug|x86
		{B84CC211-4F0B-4DBC-9AC9-991E55933745}.Debug|x64.ActiveCfg = Debug|x86
		{B84CC211-4F0B-4DBC-9AC9-991E55933745}.Debug|x86.ActiveCfg = Debug|x86
		{B84CC211-4F0B-4DBC-9AC9-991E55933745}.Debug|x86.Build.0 = Debug|x86
		{B84CC211-4F0B-4DBC-9AC9-991E55933745}.Release|Any CPU.ActiveCfg = Release|Any CPU
		{B84CC211-4F0B-4DBC-9AC9-991E55933745}.Release|Any CPU.Build.0 = Release|Any CPU
		{B84CC211-4F0B-4DBC-9AC9-991E55933745}.Release|x64.ActiveCfg = Release|x86
		{B84CC211-4F0B-4DBC-9AC9-991E55933745}.Release|x86.ActiveCfg = Release|x86
		{B84CC211-4F0B-4DBC-9AC9-991E55933745}.Release|x86.Build.0 = Release|x86
		{FD6FC5FE-6A7C-4C44-97DD-6C40A321F2D7}.Debug|Any CPU.ActiveCfg = Debug|x86
		{FD6FC5FE-6A7C-4C44-97DD-6C40A321F2D7}.Debug|Any CPU.Build.0 = Debug|x86
		{FD6FC5FE-6A7C-4C44-97DD-6C40A321F2D7}.Debug|x64.ActiveCfg = Debug|x86
		{FD6FC5FE-6A7C-4C44-97DD-6C40A321F2D7}.Debug|x86.ActiveCfg = Debug|x86
		{FD6FC5FE-6A7C-4C44-97DD-6C40A321F2D7}.Debug|x86.Build.0 = Debug|x86
		{FD6FC5FE-6A7C-4C44-97DD-6C40A321F2D7}.Release|Any CPU.ActiveCfg = Release|Any CPU
		{FD6FC5FE-6A7C-4C44-97DD-6C40A321F2D7}.Release|Any CPU.Build.0 = Release|Any CPU
		{FD6FC5FE-6A7C-4C44-97DD-6C40A321F2D7}.Release|x64.ActiveCfg = Release|x86
		{FD6FC5FE-6A7C-4C44-97DD-6C40A321F2D7}.Release|x86.ActiveCfg = Release|x86
		{FD6FC5FE-6A7C-4C44-97DD-6C40A321F2D7}.Release|x86.Build.0 = Release|x86
		{C3E86636-2F38-4FC3-8C9F-275C50929B0F}.Debug|Any CPU.ActiveCfg = Debug|x86
		{C3E86636-2F38-4FC3-8C9F-275C50929B0F}.Debug|Any CPU.Build.0 = Debug|x86
		{C3E86636-2F38-4FC3-8C9F-275C50929B0F}.Debug|x64.ActiveCfg = Debug|x86
		{C3E86636-2F38-4FC3-8C9F-275C50929B0F}.Debug|x86.ActiveCfg = Debug|x86
		{C3E86636-2F38-4FC3-8C9F-275C50929B0F}.Debug|x86.Build.0 = Debug|x86
		{C3E86636-2F38-4FC3-8C9F-275C50929B0F}.Release|Any CPU.ActiveCfg = Release|Any CPU
		{C3E86636-2F38-4FC3-8C9F-275C50929B0F}.Release|Any CPU.Build.0 = Release|Any CPU
		{C3E86636-2F38-4FC3-8C9F-275C50929B0F}.Release|x64.ActiveCfg = Release|x86
		{C3E86636-2F38-4FC3-8C9F-275C50929B0F}.Release|x86.ActiveCfg = Release|x86
		{C3E86636-2F38-4FC3-8C9F-275C50929B0F}.Release|x86.Build.0 = Release|x86
		{7385E1EA-1F8C-44A2-939F-5C7B647F01FE}.Debug|Any CPU.ActiveCfg = Debug|x86
		{7385E1EA-1F8C-44A2-939F-5C7B647F01FE}.Debug|Any CPU.Build.0 = Debug|x86
		{7385E1EA-1F8C-44A2-939F-5C7B647F01FE}.Debug|x64.ActiveCfg = Debug|x86
		{7385E1EA-1F8C-44A2-939F-5C7B647F01FE}.Debug|x86.ActiveCfg = Debug|x86
		{7385E1EA-1F8C-44A2-939F-5C7B647F01FE}.Debug|x86.Build.0 = Debug|x86
		{7385E1EA-1F8C-44A2-939F-5C7B647F01FE}.Release|Any CPU.ActiveCfg = Release|Any CPU
		{7385E1EA-1F8C-44A2-939F-5C7B647F01FE}.Release|Any CPU.Build.0 = Release|Any CPU
		{7385E1EA-1F8C-44A2-939F-5C7B647F01FE}.Release|x64.ActiveCfg = Release|x86
		{7385E1EA-1F8C-44A2-939F-5C7B647F01FE}.Release|x86.ActiveCfg = Release|x86
		{7385E1EA-1F8C-44A2-939F-5C7B647F01FE}.Release|x86.Build.0 = Release|x86
		{9B3F2261-0780-4EA8-B6AE-9F485A23CAA2}.Debug|Any CPU.ActiveCfg = Debug|x86
		{9B3F2261-0780-4EA8-B6AE-9F485A23CAA2}.Debug|Any CPU.Build.0 = Debug|x86
		{9B3F2261-0780-4EA8-B6AE-9F485A23CAA2}.Debug|x64.ActiveCfg = Debug|x86
		{9B3F2261-0780-4EA8-B6AE-9F485A23CAA2}.Debug|x86.ActiveCfg = Debug|x86
		{9B3F2261-0780-4EA8-B6AE-9F485A23CAA2}.Debug|x86.Build.0 = Debug|x86
		{9B3F2261-0780-4EA8-B6AE-9F485A23CAA2}.Release|Any CPU.ActiveCfg = Release|Any CPU
		{9B3F2261-0780-4EA8-B6AE-9F485A23CAA2}.Release|Any CPU.Build.0 = Release|Any CPU
		{9B3F2261-0780-4EA8-B6AE-9F485A23CAA2}.Release|x64.ActiveCfg = Release|x86
		{9B3F2261-0780-4EA8-B6AE-9F485A23CAA2}.Release|x86.ActiveCfg = Release|x86
		{9B3F2261-0780-4EA8-B6AE-9F485A23CAA2}.Release|x86.Build.0 = Release|x86
		{90AAABED-AF91-4F7D-BEBD-09F201BDA18D}.Debug|Any CPU.ActiveCfg = Debug|x86
		{90AAABED-AF91-4F7D-BEBD-09F201BDA18D}.Debug|Any CPU.Build.0 = Debug|x86
		{90AAABED-AF91-4F7D-BEBD-09F201BDA18D}.Debug|x64.ActiveCfg = Debug|x86
		{90AAABED-AF91-4F7D-BEBD-09F201BDA18D}.Debug|x86.ActiveCfg = Debug|x86
		{90AAABED-AF91-4F7D-BEBD-09F201BDA18D}.Debug|x86.Build.0 = Debug|x86
		{90AAABED-AF91-4F7D-BEBD-09F201BDA18D}.Release|Any CPU.ActiveCfg = Release|Any CPU
		{90AAABED-AF91-4F7D-BEBD-09F201BDA18D}.Release|Any CPU.Build.0 = Release|Any CPU
		{90AAABED-AF91-4F7D-BEBD-09F201BDA18D}.Release|x64.ActiveCfg = Release|x86
		{90AAABED-AF91-4F7D-BEBD-09F201BDA18D}.Release|x86.ActiveCfg = Release|x86
		{90AAABED-AF91-4F7D-BEBD-09F201BDA18D}.Release|x86.Build.0 = Release|x86
		{BA9EC6E0-69B7-4B9C-9B13-6484792836CB}.Debug|Any CPU.ActiveCfg = Debug|x86
		{BA9EC6E0-69B7-4B9C-9B13-6484792836CB}.Debug|Any CPU.Build.0 = Debug|x86
		{BA9EC6E0-69B7-4B9C-9B13-6484792836CB}.Debug|x64.ActiveCfg = Debug|x86
		{BA9EC6E0-69B7-4B9C-9B13-6484792836CB}.Debug|x86.ActiveCfg = Debug|x86
		{BA9EC6E0-69B7-4B9C-9B13-6484792836CB}.Debug|x86.Build.0 = Debug|x86
		{BA9EC6E0-69B7-4B9C-9B13-6484792836CB}.Release|Any CPU.ActiveCfg = Release|Any CPU
		{BA9EC6E0-69B7-4B9C-9B13-6484792836CB}.Release|Any CPU.Build.0 = Release|Any CPU
		{BA9EC6E0-69B7-4B9C-9B13-6484792836CB}.Release|x64.ActiveCfg = Release|x86
		{BA9EC6E0-69B7-4B9C-9B13-6484792836CB}.Release|x86.ActiveCfg = Release|x86
		{BA9EC6E0-69B7-4B9C-9B13-6484792836CB}.Release|x86.Build.0 = Release|x86
		{33620F73-748F-4105-B5EA-DCB7EC38E454}.Debug|Any CPU.ActiveCfg = Debug|Any CPU
		{33620F73-748F-4105-B5EA-DCB7EC38E454}.Debug|Any CPU.Build.0 = Debug|Any CPU
		{33620F73-748F-4105-B5EA-DCB7EC38E454}.Debug|x64.ActiveCfg = Debug|x86
		{33620F73-748F-4105-B5EA-DCB7EC38E454}.Debug|x64.Build.0 = Debug|x86
		{33620F73-748F-4105-B5EA-DCB7EC38E454}.Debug|x86.ActiveCfg = Debug|x86
		{33620F73-748F-4105-B5EA-DCB7EC38E454}.Debug|x86.Build.0 = Debug|x86
		{33620F73-748F-4105-B5EA-DCB7EC38E454}.Release|Any CPU.ActiveCfg = Release|Any CPU
		{33620F73-748F-4105-B5EA-DCB7EC38E454}.Release|Any CPU.Build.0 = Release|Any CPU
		{33620F73-748F-4105-B5EA-DCB7EC38E454}.Release|x64.ActiveCfg = Release|x64
		{33620F73-748F-4105-B5EA-DCB7EC38E454}.Release|x64.Build.0 = Release|x64
		{33620F73-748F-4105-B5EA-DCB7EC38E454}.Release|x86.ActiveCfg = Release|x86
		{33620F73-748F-4105-B5EA-DCB7EC38E454}.Release|x86.Build.0 = Release|x86
		{2ECECFBF-5F3E-40EE-A963-72336DC7ABE2}.Debug|Any CPU.ActiveCfg = Debug|Any CPU
		{2ECECFBF-5F3E-40EE-A963-72336DC7ABE2}.Debug|Any CPU.Build.0 = Debug|Any CPU
		{2ECECFBF-5F3E-40EE-A963-72336DC7ABE2}.Debug|x64.ActiveCfg = Debug|Any CPU
		{2ECECFBF-5F3E-40EE-A963-72336DC7ABE2}.Debug|x64.Build.0 = Debug|Any CPU
		{2ECECFBF-5F3E-40EE-A963-72336DC7ABE2}.Debug|x86.ActiveCfg = Debug|x86
		{2ECECFBF-5F3E-40EE-A963-72336DC7ABE2}.Debug|x86.Build.0 = Debug|x86
		{2ECECFBF-5F3E-40EE-A963-72336DC7ABE2}.Release|Any CPU.ActiveCfg = Release|Any CPU
		{2ECECFBF-5F3E-40EE-A963-72336DC7ABE2}.Release|Any CPU.Build.0 = Release|Any CPU
		{2ECECFBF-5F3E-40EE-A963-72336DC7ABE2}.Release|x64.ActiveCfg = Release|Any CPU
		{2ECECFBF-5F3E-40EE-A963-72336DC7ABE2}.Release|x64.Build.0 = Release|Any CPU
		{2ECECFBF-5F3E-40EE-A963-72336DC7ABE2}.Release|x86.ActiveCfg = Release|x86
		{2ECECFBF-5F3E-40EE-A963-72336DC7ABE2}.Release|x86.Build.0 = Release|x86
	EndGlobalSection
	GlobalSection(SolutionProperties) = preSolution
		HideSolutionNode = FALSE
	EndGlobalSection
	GlobalSection(NestedProjects) = preSolution
		{AFC40B8A-70CD-4A9C-B7D4-851025D84761} = {CBB72778-DB6F-451E-96AE-AF4C0D17237F}
		{C3E86636-2F38-4FC3-8C9F-275C50929B0F} = {CBB72778-DB6F-451E-96AE-AF4C0D17237F}
		{7385E1EA-1F8C-44A2-939F-5C7B647F01FE} = {CBB72778-DB6F-451E-96AE-AF4C0D17237F}
		{9B3F2261-0780-4EA8-B6AE-9F485A23CAA2} = {CBB72778-DB6F-451E-96AE-AF4C0D17237F}
		{90AAABED-AF91-4F7D-BEBD-09F201BDA18D} = {CBB72778-DB6F-451E-96AE-AF4C0D17237F}
		{BA9EC6E0-69B7-4B9C-9B13-6484792836CB} = {CBB72778-DB6F-451E-96AE-AF4C0D17237F}
	EndGlobalSection
EndGlobal
